
Microsoft Visual Studio Solution File, Format Version 12.00
# Visual Studio Version 16
VisualStudioVersion = 16.0.29920.165
MinimumVisualStudioVersion = 10.0.40219.1
Project("{FAE04EC0-301F-11D3-BF4B-00C04F79EFBC}") = "CSV", "CSV\CSV.csproj", "{E7F2AF7F-FF17-4044-A3E1-454676FAB7BC}"
EndProject
Global
	GlobalSection(SolutionConfigurationPlatforms) = preSolution
		Debug|Any CPU = Debug|Any CPU
		Release|Any CPU = Release|Any CPU
	EndGlobalSection
	GlobalSection(ProjectConfigurationPlatforms) = postSolution
		{E7F2AF7F-FF17-4044-A3E1-454676FAB7BC}.Debug|Any CPU.ActiveCfg = Debug|Any CPU
		{E7F2AF7F-FF17-4044-A3E1-454676FAB7BC}.Debug|Any CPU.Build.0 = Debug|Any CPU
		{E7F2AF7F-FF17-4044-A3E1-454676FAB7BC}.Release|Any CPU.ActiveCfg = Release|Any CPU
		{E7F2AF7F-FF17-4044-A3E1-454676FAB7BC}.Release|Any CPU.Build.0 = Release|Any CPU
	EndGlobalSection
	GlobalSection(SolutionProperties) = preSolution
		HideSolutionNode = FALSE
	EndGlobalSection
	GlobalSection(ExtensibilityGlobals) = postSolution
		SolutionGuid = {624AC500-BA42-489A-AC39-3BA713ED2358}
	EndGlobalSection
EndGlobal
